// !$*UTF8*$!
{
	archiveVersion = 1;
	classes = {
	};
	objectVersion = 50;
	objects = {

/* Begin PBXBuildFile section */
		114784E524C0B70F00C01063 /* CustomLineTextField.swift in Sources */ = {isa = PBXBuildFile; fileRef = 114784E424C0B70F00C01063 /* CustomLineTextField.swift */; };
		114784EB24C0F02A00C01063 /* SecurityViewController.swift in Sources */ = {isa = PBXBuildFile; fileRef = 114784EA24C0F02A00C01063 /* SecurityViewController.swift */; };
		1149A93F24BF866D00E0564A /* ABNext.swift in Sources */ = {isa = PBXBuildFile; fileRef = 1149A93E24BF866D00E0564A /* ABNext.swift */; };
		114ABE5A24C08B420077746C /* CustomColorView.swift in Sources */ = {isa = PBXBuildFile; fileRef = 114ABE5924C08B420077746C /* CustomColorView.swift */; };
		1155DE3B24C05A6500A48210 /* ABViewController.swift in Sources */ = {isa = PBXBuildFile; fileRef = 1155DE3A24C05A6500A48210 /* ABViewController.swift */; };
		11DC79E924BDB55B00AD99E4 /* AppDelegate.swift in Sources */ = {isa = PBXBuildFile; fileRef = 11DC79E824BDB55B00AD99E4 /* AppDelegate.swift */; };
		11DC79EB24BDB55B00AD99E4 /* SceneDelegate.swift in Sources */ = {isa = PBXBuildFile; fileRef = 11DC79EA24BDB55B00AD99E4 /* SceneDelegate.swift */; };
		11DC79ED24BDB55B00AD99E4 /* ViewController.swift in Sources */ = {isa = PBXBuildFile; fileRef = 11DC79EC24BDB55B00AD99E4 /* ViewController.swift */; };
		11DC79F024BDB55B00AD99E4 /* Main.storyboard in Resources */ = {isa = PBXBuildFile; fileRef = 11DC79EE24BDB55B00AD99E4 /* Main.storyboard */; };
		11DC79F224BDB59700AD99E4 /* Assets.xcassets in Resources */ = {isa = PBXBuildFile; fileRef = 11DC79F124BDB59700AD99E4 /* Assets.xcassets */; };
		11DC79F524BDB59700AD99E4 /* LaunchScreen.storyboard in Resources */ = {isa = PBXBuildFile; fileRef = 11DC79F324BDB59700AD99E4 /* LaunchScreen.storyboard */; };
		11DC79FD24BDC06E00AD99E4 /* ABButton.swift in Sources */ = {isa = PBXBuildFile; fileRef = 11DC79FC24BDC06E00AD99E4 /* ABButton.swift */; };
		11DC79FF24BDC30200AD99E4 /* Constants.swift in Sources */ = {isa = PBXBuildFile; fileRef = 11DC79FE24BDC30100AD99E4 /* Constants.swift */; };
		11DC7A0124BDC7BC00AD99E4 /* ABButton2.swift in Sources */ = {isa = PBXBuildFile; fileRef = 11DC7A0024BDC7BC00AD99E4 /* ABButton2.swift */; };
/* End PBXBuildFile section */

/* Begin PBXFileReference section */
		114784E424C0B70F00C01063 /* CustomLineTextField.swift */ = {isa = PBXFileReference; lastKnownFileType = sourcecode.swift; path = CustomLineTextField.swift; sourceTree = "<group>"; };
		114784EA24C0F02A00C01063 /* SecurityViewController.swift */ = {isa = PBXFileReference; lastKnownFileType = sourcecode.swift; path = SecurityViewController.swift; sourceTree = "<group>"; };
		1149A93E24BF866D00E0564A /* ABNext.swift */ = {isa = PBXFileReference; lastKnownFileType = sourcecode.swift; path = ABNext.swift; sourceTree = "<group>"; };
		114ABE5924C08B420077746C /* CustomColorView.swift */ = {isa = PBXFileReference; lastKnownFileType = sourcecode.swift; path = CustomColorView.swift; sourceTree = "<group>"; };
		1155DE3A24C05A6500A48210 /* ABViewController.swift */ = {isa = PBXFileReference; lastKnownFileType = sourcecode.swift; path = ABViewController.swift; sourceTree = "<group>"; };
		11DC79E524BDB55B00AD99E4 /* Airbnb-COBSCComp191P-035.app */ = {isa = PBXFileReference; explicitFileType = wrapper.application; includeInIndex = 0; path = "Airbnb-COBSCComp191P-035.app"; sourceTree = BUILT_PRODUCTS_DIR; };
		11DC79E824BDB55B00AD99E4 /* AppDelegate.swift */ = {isa = PBXFileReference; lastKnownFileType = sourcecode.swift; path = AppDelegate.swift; sourceTree = "<group>"; };
		11DC79EA24BDB55B00AD99E4 /* SceneDelegate.swift */ = {isa = PBXFileReference; lastKnownFileType = sourcecode.swift; path = SceneDelegate.swift; sourceTree = "<group>"; };
		11DC79EC24BDB55B00AD99E4 /* ViewController.swift */ = {isa = PBXFileReference; lastKnownFileType = sourcecode.swift; path = ViewController.swift; sourceTree = "<group>"; };
		11DC79EF24BDB55B00AD99E4 /* Base */ = {isa = PBXFileReference; lastKnownFileType = file.storyboard; name = Base; path = Base.lproj/Main.storyboard; sourceTree = "<group>"; };
		11DC79F124BDB59700AD99E4 /* Assets.xcassets */ = {isa = PBXFileReference; lastKnownFileType = folder.assetcatalog; path = Assets.xcassets; sourceTree = "<group>"; };
		11DC79F424BDB59700AD99E4 /* Base */ = {isa = PBXFileReference; lastKnownFileType = file.storyboard; name = Base; path = Base.lproj/LaunchScreen.storyboard; sourceTree = "<group>"; };
		11DC79F624BDB59700AD99E4 /* Info.plist */ = {isa = PBXFileReference; lastKnownFileType = text.plist.xml; path = Info.plist; sourceTree = "<group>"; };
		11DC79FC24BDC06E00AD99E4 /* ABButton.swift */ = {isa = PBXFileReference; lastKnownFileType = sourcecode.swift; path = ABButton.swift; sourceTree = "<group>"; };
		11DC79FE24BDC30100AD99E4 /* Constants.swift */ = {isa = PBXFileReference; lastKnownFileType = sourcecode.swift; path = Constants.swift; sourceTree = "<group>"; };
		11DC7A0024BDC7BC00AD99E4 /* ABButton2.swift */ = {isa = PBXFileReference; lastKnownFileType = sourcecode.swift; path = ABButton2.swift; sourceTree = "<group>"; };
/* End PBXFileReference section */

/* Begin PBXFrameworksBuildPhase section */
		11DC79E224BDB55B00AD99E4 /* Frameworks */ = {
			isa = PBXFrameworksBuildPhase;
			buildActionMask = 2147483647;
			files = (
			);
			runOnlyForDeploymentPostprocessing = 0;
		};
/* End PBXFrameworksBuildPhase section */

/* Begin PBXGroup section */
		1155DE3C24C0635E00A48210 /* Custom UI */ = {
			isa = PBXGroup;
			children = (
				1149A93E24BF866D00E0564A /* ABNext.swift */,
				11DC7A0024BDC7BC00AD99E4 /* ABButton2.swift */,
				11DC79FC24BDC06E00AD99E4 /* ABButton.swift */,
				114ABE5924C08B420077746C /* CustomColorView.swift */,
				114784E424C0B70F00C01063 /* CustomLineTextField.swift */,
			);
			path = "Custom UI";
			sourceTree = "<group>";
		};
		1155DE3D24C063C200A48210 /* Support files */ = {
			isa = PBXGroup;
			children = (
				11DC79EE24BDB55B00AD99E4 /* Main.storyboard */,
				11DC79F324BDB59700AD99E4 /* LaunchScreen.storyboard */,
				11DC79EA24BDB55B00AD99E4 /* SceneDelegate.swift */,
			);
			path = "Support files";
			sourceTree = "<group>";
		};
		11DC79DC24BDB55A00AD99E4 = {
			isa = PBXGroup;
			children = (
				11DC79E724BDB55B00AD99E4 /* Airbnb-COBSCComp191P-035 */,
				11DC79E624BDB55B00AD99E4 /* Products */,
			);
			sourceTree = "<group>";
		};
		11DC79E624BDB55B00AD99E4 /* Products */ = {
			isa = PBXGroup;
			children = (
				11DC79E524BDB55B00AD99E4 /* Airbnb-COBSCComp191P-035.app */,
			);
			name = Products;
			sourceTree = "<group>";
		};
		11DC79E724BDB55B00AD99E4 /* Airbnb-COBSCComp191P-035 */ = {
			isa = PBXGroup;
			children = (
				11DC79E824BDB55B00AD99E4 /* AppDelegate.swift */,
				11DC79EC24BDB55B00AD99E4 /* ViewController.swift */,
				1155DE3A24C05A6500A48210 /* ABViewController.swift */,
				114784EA24C0F02A00C01063 /* SecurityViewController.swift */,
				1155DE3D24C063C200A48210 /* Support files */,
				11DC79F124BDB59700AD99E4 /* Assets.xcassets */,
				11DC79F624BDB59700AD99E4 /* Info.plist */,
				1155DE3C24C0635E00A48210 /* Custom UI */,
				11DC79FE24BDC30100AD99E4 /* Constants.swift */,
			);
			path = "Airbnb-COBSCComp191P-035";
			sourceTree = "<group>";
		};
/* End PBXGroup section */

/* Begin PBXNativeTarget section */
		11DC79E424BDB55B00AD99E4 /* Airbnb-COBSCComp191P-035 */ = {
			isa = PBXNativeTarget;
			buildConfigurationList = 11DC79F924BDB59700AD99E4 /* Build configuration list for PBXNativeTarget "Airbnb-COBSCComp191P-035" */;
			buildPhases = (
				11DC79E124BDB55B00AD99E4 /* Sources */,
				11DC79E224BDB55B00AD99E4 /* Frameworks */,
				11DC79E324BDB55B00AD99E4 /* Resources */,
			);
			buildRules = (
			);
			dependencies = (
			);
			name = "Airbnb-COBSCComp191P-035";
			productName = "Airbnb-COBSCComp191P-035";
			productReference = 11DC79E524BDB55B00AD99E4 /* Airbnb-COBSCComp191P-035.app */;
			productType = "com.apple.product-type.application";
		};
/* End PBXNativeTarget section */

/* Begin PBXProject section */
		11DC79DD24BDB55A00AD99E4 /* Project object */ = {
			isa = PBXProject;
			attributes = {
				LastSwiftUpdateCheck = 1110;
				LastUpgradeCheck = 1110;
				ORGANIZATIONNAME = "Fayik Muzammil";
				TargetAttributes = {
					11DC79E424BDB55B00AD99E4 = {
						CreatedOnToolsVersion = 11.1;
					};
				};
			};
			buildConfigurationList = 11DC79E024BDB55B00AD99E4 /* Build configuration list for PBXProject "Airbnb-COBSCComp191P-035" */;
			compatibilityVersion = "Xcode 9.3";
			developmentRegion = en;
			hasScannedForEncodings = 0;
			knownRegions = (
				en,
				Base,
			);
			mainGroup = 11DC79DC24BDB55A00AD99E4;
			productRefGroup = 11DC79E624BDB55B00AD99E4 /* Products */;
			projectDirPath = "";
			projectRoot = "";
			targets = (
				11DC79E424BDB55B00AD99E4 /* Airbnb-COBSCComp191P-035 */,
			);
		};
/* End PBXProject section */

/* Begin PBXResourcesBuildPhase section */
		11DC79E324BDB55B00AD99E4 /* Resources */ = {
			isa = PBXResourcesBuildPhase;
			buildActionMask = 2147483647;
			files = (
				11DC79F524BDB59700AD99E4 /* LaunchScreen.storyboard in Resources */,
				11DC79F224BDB59700AD99E4 /* Assets.xcassets in Resources */,
				11DC79F024BDB55B00AD99E4 /* Main.storyboard in Resources */,
			);
			runOnlyForDeploymentPostprocessing = 0;
		};
/* End PBXResourcesBuildPhase section */

/* Begin PBXSourcesBuildPhase section */
		11DC79E124BDB55B00AD99E4 /* Sources */ = {
			isa = PBXSourcesBuildPhase;
			buildActionMask = 2147483647;
			files = (
				11DC79FF24BDC30200AD99E4 /* Constants.swift in Sources */,
				1149A93F24BF866D00E0564A /* ABNext.swift in Sources */,
				11DC7A0124BDC7BC00AD99E4 /* ABButton2.swift in Sources */,
				114ABE5A24C08B420077746C /* CustomColorView.swift in Sources */,
				114784EB24C0F02A00C01063 /* SecurityViewController.swift in Sources */,
				11DC79FD24BDC06E00AD99E4 /* ABButton.swift in Sources */,
				11DC79ED24BDB55B00AD99E4 /* ViewController.swift in Sources */,
				11DC79E924BDB55B00AD99E4 /* AppDelegate.swift in Sources */,
				1155DE3B24C05A6500A48210 /* ABViewController.swift in Sources */,
				114784E524C0B70F00C01063 /* CustomLineTextField.swift in Sources */,
				11DC79EB24BDB55B00AD99E4 /* SceneDelegate.swift in Sources */,
			);
			runOnlyForDeploymentPostprocessing = 0;
		};
/* End PBXSourcesBuildPhase section */

/* Begin PBXVariantGroup section */
		11DC79EE24BDB55B00AD99E4 /* Main.storyboard */ = {
			isa = PBXVariantGroup;
			children = (
				11DC79EF24BDB55B00AD99E4 /* Base */,
			);
			name = Main.storyboard;
			sourceTree = "<group>";
		};
		11DC79F324BDB59700AD99E4 /* LaunchScreen.storyboard */ = {
			isa = PBXVariantGroup;
			children = (
				11DC79F424BDB59700AD99E4 /* Base */,
			);
			name = LaunchScreen.storyboard;
			sourceTree = "<group>";
		};
/* End PBXVariantGroup section */

/* Begin XCBuildConfiguration section */
		11DC79F724BDB59700AD99E4 /* Debug */ = {
			isa = XCBuildConfiguration;
			buildSettings = {
				ALWAYS_SEARCH_USER_PATHS = NO;
				CLANG_ANALYZER_NONNULL = YES;
				CLANG_ANALYZER_NUMBER_OBJECT_CONVERSION = YES_AGGRESSIVE;
				CLANG_CXX_LANGUAGE_STANDARD = "gnu++14";
				CLANG_CXX_LIBRARY = "libc++";
				CLANG_ENABLE_MODULES = YES;
				CLANG_ENABLE_OBJC_ARC = YES;
				CLANG_ENABLE_OBJC_WEAK = YES;
				CLANG_WARN_BLOCK_CAPTURE_AUTORELEASING = YES;
				CLANG_WARN_BOOL_CONVERSION = YES;
				CLANG_WARN_COMMA = YES;
				CLANG_WARN_CONSTANT_CONVERSION = YES;
				CLANG_WARN_DEPRECATED_OBJC_IMPLEMENTATIONS = YES;
				CLANG_WARN_DIRECT_OBJC_ISA_USAGE = YES_ERROR;
				CLANG_WARN_DOCUMENTATION_COMMENTS = YES;
				CLANG_WARN_EMPTY_BODY = YES;
				CLANG_WARN_ENUM_CONVERSION = YES;
				CLANG_WARN_INFINITE_RECURSION = YES;
				CLANG_WARN_INT_CONVERSION = YES;
				CLANG_WARN_NON_LITERAL_NULL_CONVERSION = YES;
				CLANG_WARN_OBJC_IMPLICIT_RETAIN_SELF = YES;
				CLANG_WARN_OBJC_LITERAL_CONVERSION = YES;
				CLANG_WARN_OBJC_ROOT_CLASS = YES_ERROR;
				CLANG_WARN_RANGE_LOOP_ANALYSIS = YES;
				CLANG_WARN_STRICT_PROTOTYPES = YES;
				CLANG_WARN_SUSPICIOUS_MOVE = YES;
				CLANG_WARN_UNGUARDED_AVAILABILITY = YES_AGGRESSIVE;
				CLANG_WARN_UNREACHABLE_CODE = YES;
				CLANG_WARN__DUPLICATE_METHOD_MATCH = YES;
				COPY_PHASE_STRIP = NO;
				DEBUG_INFORMATION_FORMAT = dwarf;
				ENABLE_STRICT_OBJC_MSGSEND = YES;
				ENABLE_TESTABILITY = YES;
				GCC_C_LANGUAGE_STANDARD = gnu11;
				GCC_DYNAMIC_NO_PIC = NO;
				GCC_NO_COMMON_BLOCKS = YES;
				GCC_OPTIMIZATION_LEVEL = 0;
				GCC_PREPROCESSOR_DEFINITIONS = (
					"DEBUG=1",
					"$(inherited)",
				);
				GCC_WARN_64_TO_32_BIT_CONVERSION = YES;
				GCC_WARN_ABOUT_RETURN_TYPE = YES_ERROR;
				GCC_WARN_UNDECLARED_SELECTOR = YES;
				GCC_WARN_UNINITIALIZED_AUTOS = YES_AGGRESSIVE;
				GCC_WARN_UNUSED_FUNCTION = YES;
				GCC_WARN_UNUSED_VARIABLE = YES;
				IPHONEOS_DEPLOYMENT_TARGET = 13.1;
				MTL_ENABLE_DEBUG_INFO = INCLUDE_SOURCE;
				MTL_FAST_MATH = YES;
				ONLY_ACTIVE_ARCH = YES;
				SDKROOT = iphoneos;
				SWIFT_ACTIVE_COMPILATION_CONDITIONS = DEBUG;
				SWIFT_OPTIMIZATION_LEVEL = "-Onone";
			};
			name = Debug;
		};
		11DC79F824BDB59700AD99E4 /* Release */ = {
			isa = XCBuildConfiguration;
			buildSettings = {
				ALWAYS_SEARCH_USER_PATHS = NO;
				CLANG_ANALYZER_NONNULL = YES;
				CLANG_ANALYZER_NUMBER_OBJECT_CONVERSION = YES_AGGRESSIVE;
				CLANG_CXX_LANGUAGE_STANDARD = "gnu++14";
				CLANG_CXX_LIBRARY = "libc++";
				CLANG_ENABLE_MODULES = YES;
				CLANG_ENABLE_OBJC_ARC = YES;
				CLANG_ENABLE_OBJC_WEAK = YES;
				CLANG_WARN_BLOCK_CAPTURE_AUTORELEASING = YES;
				CLANG_WARN_BOOL_CONVERSION = YES;
				CLANG_WARN_COMMA = YES;
				CLANG_WARN_CONSTANT_CONVERSION = YES;
				CLANG_WARN_DEPRECATED_OBJC_IMPLEMENTATIONS = YES;
				CLANG_WARN_DIRECT_OBJC_ISA_USAGE = YES_ERROR;
				CLANG_WARN_DOCUMENTATION_COMMENTS = YES;
				CLANG_WARN_EMPTY_BODY = YES;
				CLANG_WARN_ENUM_CONVERSION = YES;
				CLANG_WARN_INFINITE_RECURSION = YES;
				CLANG_WARN_INT_CONVERSION = YES;
				CLANG_WARN_NON_LITERAL_NULL_CONVERSION = YES;
				CLANG_WARN_OBJC_IMPLICIT_RETAIN_SELF = YES;
				CLANG_WARN_OBJC_LITERAL_CONVERSION = YES;
				CLANG_WARN_OBJC_ROOT_CLASS = YES_ERROR;
				CLANG_WARN_RANGE_LOOP_ANALYSIS = YES;
				CLANG_WARN_STRICT_PROTOTYPES = YES;
				CLANG_WARN_SUSPICIOUS_MOVE = YES;
				CLANG_WARN_UNGUARDED_AVAILABILITY = YES_AGGRESSIVE;
				CLANG_WARN_UNREACHABLE_CODE = YES;
				CLANG_WARN__DUPLICATE_METHOD_MATCH = YES;
				COPY_PHASE_STRIP = NO;
				DEBUG_INFORMATION_FORMAT = "dwarf-with-dsym";
				ENABLE_NS_ASSERTIONS = NO;
				ENABLE_STRICT_OBJC_MSGSEND = YES;
				GCC_C_LANGUAGE_STANDARD = gnu11;
				GCC_NO_COMMON_BLOCKS = YES;
				GCC_WARN_64_TO_32_BIT_CONVERSION = YES;
				GCC_WARN_ABOUT_RETURN_TYPE = YES_ERROR;
				GCC_WARN_UNDECLARED_SELECTOR = YES;
				GCC_WARN_UNINITIALIZED_AUTOS = YES_AGGRESSIVE;
				GCC_WARN_UNUSED_FUNCTION = YES;
				GCC_WARN_UNUSED_VARIABLE = YES;
				IPHONEOS_DEPLOYMENT_TARGET = 13.1;
				MTL_ENABLE_DEBUG_INFO = NO;
				MTL_FAST_MATH = YES;
				SDKROOT = iphoneos;
				SWIFT_COMPILATION_MODE = wholemodule;
				SWIFT_OPTIMIZATION_LEVEL = "-O";
				VALIDATE_PRODUCT = YES;
			};
			name = Release;
		};
		11DC79FA24BDB59700AD99E4 /* Debug */ = {
			isa = XCBuildConfiguration;
			buildSettings = {
				ASSETCATALOG_COMPILER_APPICON_NAME = AppIcon;
				CODE_SIGN_STYLE = Automatic;
				DEVELOPMENT_TEAM = Z2347J4F97;
				INFOPLIST_FILE = "Airbnb-COBSCComp191P-035/Info.plist";
				LD_RUNPATH_SEARCH_PATHS = (
					"$(inherited)",
					"@executable_path/Frameworks",
				);
				PRODUCT_BUNDLE_IDENTIFIER = "fayik.Airbnb-COBSCComp191P-035";
				PRODUCT_NAME = "$(TARGET_NAME)";
				SWIFT_VERSION = 5.0;
				TARGETED_DEVICE_FAMILY = "1,2";
			};
			name = Debug;
		};
		11DC79FB24BDB59700AD99E4 /* Release */ = {
			isa = XCBuildConfiguration;
			buildSettings = {
				ASSETCATALOG_COMPILER_APPICON_NAME = AppIcon;
				CODE_SIGN_STYLE = Automatic;
				DEVELOPMENT_TEAM = Z2347J4F97;
				INFOPLIST_FILE = "Airbnb-COBSCComp191P-035/Info.plist";
				LD_RUNPATH_SEARCH_PATHS = (
					"$(inherited)",
					"@executable_path/Frameworks",
				);
				PRODUCT_BUNDLE_IDENTIFIER = "fayik.Airbnb-COBSCComp191P-035";
				PRODUCT_NAME = "$(TARGET_NAME)";
				SWIFT_VERSION = 5.0;
				TARGETED_DEVICE_FAMILY = "1,2";
			};
			name = Release;
		};
/* End XCBuildConfiguration section */

/* Begin XCConfigurationList section */
		11DC79E024BDB55B00AD99E4 /* Build configuration list for PBXProject "Airbnb-COBSCComp191P-035" */ = {
			isa = XCConfigurationList;
			buildConfigurations = (
				11DC79F724BDB59700AD99E4 /* Debug */,
				11DC79F824BDB59700AD99E4 /* Release */,
			);
			defaultConfigurationIsVisible = 0;
			defaultConfigurationName = Release;
		};
		11DC79F924BDB59700AD99E4 /* Build configuration list for PBXNativeTarget "Airbnb-COBSCComp191P-035" */ = {
			isa = XCConfigurationList;
			buildConfigurations = (
				11DC79FA24BDB59700AD99E4 /* Debug */,
				11DC79FB24BDB59700AD99E4 /* Release */,
			);
			defaultConfigurationIsVisible = 0;
			defaultConfigurationName = Release;
		};
/* End XCConfigurationList section */
	};
	rootObject = 11DC79DD24BDB55A00AD99E4 /* Project object */;
}
